
Microsoft Visual Studio Solution File, Format Version 12.00
# Visual Studio Version 16
VisualStudioVersion = 16.0.28803.352
MinimumVisualStudioVersion = 10.0.40219.1
Project("{FAE04EC0-301F-11D3-BF4B-00C04F79EFBC}") = "AutoPick", "AutoPick\AutoPick.csproj", "{0D3F61D1-49CB-4351-ADBB-224DDDE135E1}"
EndProject
Project("{9A19103F-16F7-4668-BE54-9A1E7A4F7556}") = "AutoPick.Tests", "AutoPick.Tests\AutoPick.Tests.csproj", "{919EF2FA-16FF-4BF3-9EE6-45ABC10FBA38}"
EndProject
Global
	GlobalSection(SolutionConfigurationPlatforms) = preSolution
		Debug|Any CPU = Debug|Any CPU
		Release|Any CPU = Release|Any CPU
	EndGlobalSection
	GlobalSection(ProjectConfigurationPlatforms) = postSolution
		{0D3F61D1-49CB-4351-ADBB-224DDDE135E1}.Debug|Any CPU.ActiveCfg = Debug|Any CPU
		{0D3F61D1-49CB-4351-ADBB-224DDDE135E1}.Debug|Any CPU.Build.0 = Debug|Any CPU
		{0D3F61D1-49CB-4351-ADBB-224DDDE135E1}.Release|Any CPU.ActiveCfg = Release|Any CPU
		{0D3F61D1-49CB-4351-ADBB-224DDDE135E1}.Release|Any CPU.Build.0 = Release|Any CPU
		{919EF2FA-16FF-4BF3-9EE6-45ABC10FBA38}.Debug|Any CPU.ActiveCfg = Debug|Any CPU
		{919EF2FA-16FF-4BF3-9EE6-45ABC10FBA38}.Debug|Any CPU.Build.0 = Debug|Any CPU
		{919EF2FA-16FF-4BF3-9EE6-45ABC10FBA38}.Release|Any CPU.ActiveCfg = Release|Any CPU
		{919EF2FA-16FF-4BF3-9EE6-45ABC10FBA38}.Release|Any CPU.Build.0 = Release|Any CPU
	EndGlobalSection
	GlobalSection(SolutionProperties) = preSolution
		HideSolutionNode = FALSE
	EndGlobalSection
	GlobalSection(ExtensibilityGlobals) = postSolution
		SolutionGuid = {0AD8260E-F1A2-4A0A-994D-C3DBD0916521}
	EndGlobalSection
EndGlobal
